
Microsoft Visual Studio Solution File, Format Version 12.00
# Visual Studio Version 17
VisualStudioVersion = 17.9.34714.143
MinimumVisualStudioVersion = 10.0.40219.1
Project("{FAE04EC0-301F-11D3-BF4B-00C04F79EFBC}") = "CSBasic", "CSBasic\CSBasic.csproj", "{A15DCB93-4451-4BD5-A274-A308186F7C10}"
EndProject
Global
	GlobalSection(SolutionConfigurationPlatforms) = preSolution
		Debug|Any CPU = Debug|Any CPU
		Release|Any CPU = Release|Any CPU
	EndGlobalSection
	GlobalSection(ProjectConfigurationPlatforms) = postSolution
		{A15DCB93-4451-4BD5-A274-A308186F7C10}.Debug|Any CPU.ActiveCfg = Debug|Any CPU
		{A15DCB93-4451-4BD5-A274-A308186F7C10}.Debug|Any CPU.Build.0 = Debug|Any CPU
		{A15DCB93-4451-4BD5-A274-A308186F7C10}.Release|Any CPU.ActiveCfg = Release|Any CPU
		{A15DCB93-4451-4BD5-A274-A308186F7C10}.Release|Any CPU.Build.0 = Release|Any CPU
	EndGlobalSection
	GlobalSection(SolutionProperties) = preSolution
		HideSolutionNode = FALSE
	EndGlobalSection
	GlobalSection(ExtensibilityGlobals) = postSolution
		SolutionGuid = {CBAF84E0-F216-4908-8684-D9DC78D863CB}
	EndGlobalSection
EndGlobal
